hash: 10155c9e76bbee1307ba03ade1954ee94e073484f6f1edd5eed1e9b8a7e090f4
updated: 2017-01-04T15:16:06.805139335+09:00
imports:
- name: github.com/aws/aws-sdk-go
  version: 36670f6ab1769ad77fa5f7e2c194398733503635
  subpackages:
  - aws
  - aws/credentials
  - aws/session
  - service/s3
testImports: []
